
Microsoft Visual Studio Solution File, Format Version 12.00
Project("{FAE04EC0-301F-11D3-BF4B-00C04F79EFBC}") = "rchtest1", "rchtest1\rchtest1.csproj", "{50405C94-C6B2-4B07-9B57-97C0DB10426E}"
EndProject
Global
	GlobalSection(SolutionConfigurationPlatforms) = preSolution
		Debug|Any CPU = Debug|Any CPU
		Release|Any CPU = Release|Any CPU
	EndGlobalSection
	GlobalSection(ProjectConfigurationPlatforms) = postSolution
		{50405C94-C6B2-4B07-9B57-97C0DB10426E}.Debug|Any CPU.ActiveCfg = Debug|Any CPU
		{50405C94-C6B2-4B07-9B57-97C0DB10426E}.Debug|Any CPU.Build.0 = Debug|Any CPU
		{50405C94-C6B2-4B07-9B57-97C0DB10426E}.Release|Any CPU.ActiveCfg = Release|Any CPU
		{50405C94-C6B2-4B07-9B57-97C0DB10426E}.Release|Any CPU.Build.0 = Release|Any CPU
	EndGlobalSection
EndGlobal
